{
  "version": 4,
  "terraform_version": "1.5.7",
  "serial": 307,
  "lineage": "29f2cab1-0ac2-8b9b-16f9-bbda55bf2dbd",
  "outputs": {
    "backend_url": {
      "value": "https://cloudrun-service--navn-gcp-45pnzdzssa-ew.a.run.app",
      "type": "string"
    },
    "cloudlabs_gcp_no_dns": {
      "value": "cloudlabs-gcp.no.",
      "type": "string"
    }
  },
  "resources": [
    {
      "mode": "data",
      "type": "google_dns_managed_zone",
      "name": "cloudlabs_gcp_no",
      "provider": "provider[\"registry.terraform.io/hashicorp/google\"]",
      "instances": [
        {
          "schema_version": 0,
          "attributes": {
            "description": "Managed by Terraform",
            "dns_name": "cloudlabs-gcp.no.",
            "id": "projects/cloud-labs-workshop-42clws/managedZones/cloudlabs-gcp-no-dns",
            "managed_zone_id": 2386467638306416080,
            "name": "cloudlabs-gcp-no-dns",
            "name_servers": [
              "ns-cloud-c1.googledomains.com.",
              "ns-cloud-c2.googledomains.com.",
              "ns-cloud-c3.googledomains.com.",
              "ns-cloud-c4.googledomains.com."
            ],
            "project": "cloud-labs-workshop-42clws",
            "visibility": "public"
          },
          "sensitive_attributes": []
        }
      ]
    },
    {
      "mode": "data",
      "type": "google_iam_policy",
      "name": "noauth",
      "provider": "provider[\"registry.terraform.io/hashicorp/google\"]",
      "instances": [
        {
          "schema_version": 0,
          "attributes": {
            "audit_config": null,
            "binding": [
              {
                "condition": [],
                "members": [
                  "allUsers"
                ],
                "role": "roles/run.invoker"
              }
            ],
            "id": "3450855414",
            "policy_data": "{\"bindings\":[{\"members\":[\"allUsers\"],\"role\":\"roles/run.invoker\"}]}"
          },
          "sensitive_attributes": []
        }
      ]
    },
    {
      "mode": "managed",
      "type": "google_cloud_run_service_iam_policy",
      "name": "noauth",
      "provider": "provider[\"registry.terraform.io/hashicorp/google\"]",
      "instances": [
        {
          "schema_version": 0,
          "attributes": {
            "etag": "BwYKmmAoIRU=",
            "id": "v1/projects/cloud-labs-workshop-42clws/locations/europe-west1/services/cloudrun-service--navn-gcp",
            "location": "europe-west1",
            "policy_data": "{\"bindings\":[{\"members\":[\"allUsers\"],\"role\":\"roles/run.invoker\"}]}",
            "project": "cloud-labs-workshop-42clws",
            "service": "v1/projects/cloud-labs-workshop-42clws/locations/europe-west1/services/cloudrun-service--navn-gcp"
          },
          "sensitive_attributes": [],
          "private": "bnVsbA==",
          "dependencies": [
            "data.google_iam_policy.noauth",
            "google_cloud_run_v2_service.backend",
            "google_sql_database_instance.postgres",
            "google_sql_user.root",
            "random_password.root_password"
          ]
        }
      ]
    },
    {
      "mode": "managed",
      "type": "google_cloud_run_v2_service",
      "name": "backend",
      "provider": "provider[\"registry.terraform.io/hashicorp/google\"]",
      "instances": [
        {
          "schema_version": 0,
          "attributes": {
            "annotations": null,
            "binary_authorization": [],
            "client": "",
            "client_version": "",
            "conditions": [
              {
                "execution_reason": "",
                "last_transition_time": "2023-11-20T19:20:04.227809Z",
                "message": "",
                "reason": "",
                "revision_reason": "",
                "severity": "",
                "state": "CONDITION_SUCCEEDED",
                "type": "RoutesReady"
              },
              {
                "execution_reason": "",
                "last_transition_time": "2023-11-20T19:19:43.438029Z",
                "message": "",
                "reason": "",
                "revision_reason": "",
                "severity": "",
                "state": "CONDITION_SUCCEEDED",
                "type": "ConfigurationsReady"
              }
            ],
            "create_time": "2023-11-20T19:19:43.239366Z",
            "creator": "mathias.jacobsen@bekk.no",
            "delete_time": "",
            "description": "",
            "effective_annotations": {},
            "effective_labels": {},
            "etag": "\"CM_i7qoGEPDekXI/cHJvamVjdHMvY2xvdWQtbGFicy13b3Jrc2hvcC00MmNsd3MvbG9jYXRpb25zL2V1cm9wZS13ZXN0MS9zZXJ2aWNlcy9jbG91ZHJ1bi1zZXJ2aWNlLS1uYXZuLWdjcA\"",
            "expire_time": "",
            "generation": "1",
            "id": "projects/cloud-labs-workshop-42clws/locations/europe-west1/services/cloudrun-service--navn-gcp",
            "ingress": "INGRESS_TRAFFIC_ALL",
            "labels": null,
            "last_modifier": "mathias.jacobsen@bekk.no",
            "latest_created_revision": "projects/cloud-labs-workshop-42clws/locations/europe-west1/services/cloudrun-service--navn-gcp/revisions/cloudrun-service--navn-gcp-00001-n86",
            "latest_ready_revision": "projects/cloud-labs-workshop-42clws/locations/europe-west1/services/cloudrun-service--navn-gcp/revisions/cloudrun-service--navn-gcp-00001-n86",
            "launch_stage": "GA",
            "location": "europe-west1",
            "name": "cloudrun-service--navn-gcp",
            "observed_generation": "1",
            "project": "cloud-labs-workshop-42clws",
            "reconciling": false,
            "template": [
              {
                "annotations": null,
                "containers": [
                  {
                    "args": null,
                    "command": null,
                    "env": [
                      {
                        "name": "DATABASE_URL",
                        "value": "postgresql://root:af8a39ZW0cC3xoTrIq4ihqaC@34.77.54.232:5432/db-todo--navn-gcp",
                        "value_source": []
                      }
                    ],
                    "image": "europe-west1-docker.pkg.dev/cloud-labs-workshop-42clws/bekk-cloudlabs/backend:latest",
                    "liveness_probe": [],
                    "name": "",
                    "ports": [
                      {
                        "container_port": 3000,
                        "name": "http1"
                      }
                    ],
                    "resources": [
                      {
                        "cpu_idle": true,
                        "limits": {
                          "cpu": "1000m",
                          "memory": "512Mi"
                        },
                        "startup_cpu_boost": false
                      }
                    ],
                    "startup_probe": [
                      {
                        "failure_threshold": 1,
                        "grpc": [],
                        "http_get": [],
                        "initial_delay_seconds": 0,
                        "period_seconds": 240,
                        "tcp_socket": [
                          {
                            "port": 3000
                          }
                        ],
                        "timeout_seconds": 240
                      }
                    ],
                    "volume_mounts": [],
                    "working_dir": ""
                  }
                ],
                "encryption_key": "",
                "execution_environment": "",
                "labels": null,
                "max_instance_request_concurrency": 80,
                "revision": "",
                "scaling": [
                  {
                    "max_instance_count": 1,
                    "min_instance_count": 0
                  }
                ],
                "service_account": "544176629213-compute@developer.gserviceaccount.com",
                "session_affinity": false,
                "timeout": "300s",
                "volumes": [],
                "vpc_access": []
              }
            ],
            "terminal_condition": [
              {
                "execution_reason": "",
                "last_transition_time": "2023-11-20T19:20:04.227809Z",
                "message": "",
                "reason": "",
                "revision_reason": "",
                "severity": "",
                "state": "CONDITION_SUCCEEDED",
                "type": "Ready"
              }
            ],
            "terraform_labels": {},
            "timeouts": null,
            "traffic": [
              {
                "percent": 100,
                "revision": "",
                "tag": "",
                "type": "TRAFFIC_TARGET_ALLOCATION_TYPE_LATEST"
              }
            ],
            "traffic_statuses": [
              {
                "percent": 100,
                "revision": "",
                "tag": "",
                "type": "TRAFFIC_TARGET_ALLOCATION_TYPE_LATEST",
                "uri": ""
              }
            ],
            "uid": "bf56754d-dde6-4c29-9aca-14df5fad423e",
            "update_time": "2023-11-20T19:19:43.239366Z",
            "uri": "https://cloudrun-service--navn-gcp-45pnzdzssa-ew.a.run.app"
          },
          "sensitive_attributes": [
            [
              {
                "type": "get_attr",
                "value": "template"
              },
              {
                "type": "index",
                "value": {
                  "value": 0,
                  "type": "number"
                }
              },
              {
                "type": "get_attr",
                "value": "containers"
              },
              {
                "type": "index",
                "value": {
                  "value": 0,
                  "type": "number"
                }
              },
              {
                "type": "get_attr",
                "value": "env"
              },
              {
                "type": "index",
                "value": {
                  "value": 0,
                  "type": "number"
                }
              },
              {
                "type": "get_attr",
                "value": "value"
              }
            ]
          ],
          "private": "eyJlMmJmYjczMC1lY2FhLTExZTYtOGY4OC0zNDM2M2JjN2M0YzAiOnsiY3JlYXRlIjoxMjAwMDAwMDAwMDAwLCJkZWxldGUiOjEyMDAwMDAwMDAwMDAsInVwZGF0ZSI6MTIwMDAwMDAwMDAwMH19",
          "dependencies": [
            "google_sql_database_instance.postgres",
            "google_sql_user.root",
            "random_password.root_password"
          ]
        }
      ]
    },
    {
      "mode": "managed",
      "type": "google_compute_backend_bucket",
      "name": "cdn_backend_bucket",
      "provider": "provider[\"registry.terraform.io/hashicorp/google\"]",
      "instances": [
        {
          "schema_version": 0,
          "attributes": {
            "bucket_name": "storage-bucket-navn-gcp",
            "cdn_policy": [
              {
                "bypass_cache_on_request_headers": [],
                "cache_key_policy": [],
                "cache_mode": "CACHE_ALL_STATIC",
                "client_ttl": 3600,
                "default_ttl": 3600,
                "max_ttl": 86400,
                "negative_caching": true,
                "negative_caching_policy": [],
                "request_coalescing": true,
                "serve_while_stale": 86400,
                "signed_url_cache_max_age_sec": 0
              }
            ],
            "compression_mode": "",
            "creation_timestamp": "2023-11-20T11:11:21.847-08:00",
            "custom_response_headers": null,
            "description": "Backend bucket for serving static content through CDN",
            "edge_security_policy": "",
            "enable_cdn": true,
            "id": "projects/cloud-labs-workshop-42clws/global/backendBuckets/cdn-bucket-navn-gcp",
            "name": "cdn-bucket-navn-gcp",
            "project": "cloud-labs-workshop-42clws",
            "self_link": "https://www.googleapis.com/compute/v1/projects/cloud-labs-workshop-42clws/global/backendBuckets/cdn-bucket-navn-gcp",
            "timeouts": null
          },
          "sensitive_attributes": [],
          "private": "eyJlMmJmYjczMC1lY2FhLTExZTYtOGY4OC0zNDM2M2JjN2M0YzAiOnsiY3JlYXRlIjoxMjAwMDAwMDAwMDAwLCJkZWxldGUiOjEyMDAwMDAwMDAwMDAsInVwZGF0ZSI6MTIwMDAwMDAwMDAwMH19",
          "dependencies": [
            "google_storage_bucket.frontend"
          ]
        }
      ]
    },
    {
      "mode": "managed",
      "type": "google_compute_global_address",
      "name": "cdn_public_address",
      "provider": "provider[\"registry.terraform.io/hashicorp/google\"]",
      "instances": [
        {
          "schema_version": 0,
          "attributes": {
            "address": "34.107.201.18",
            "address_type": "EXTERNAL",
            "creation_timestamp": "2023-11-20T11:11:19.310-08:00",
            "description": "",
            "id": "projects/cloud-labs-workshop-42clws/global/addresses/cdn-public-address-navn-gcp",
            "ip_version": "",
            "name": "cdn-public-address-navn-gcp",
            "network": "",
            "prefix_length": 0,
            "project": "cloud-labs-workshop-42clws",
            "purpose": "",
            "self_link": "https://www.googleapis.com/compute/v1/projects/cloud-labs-workshop-42clws/global/addresses/cdn-public-address-navn-gcp",
            "timeouts": null
          },
          "sensitive_attributes": [],
          "private": "eyJlMmJmYjczMC1lY2FhLTExZTYtOGY4OC0zNDM2M2JjN2M0YzAiOnsiY3JlYXRlIjoxMjAwMDAwMDAwMDAwLCJkZWxldGUiOjEyMDAwMDAwMDAwMDB9fQ=="
        }
      ]
    },
    {
      "mode": "managed",
      "type": "google_compute_global_forwarding_rule",
      "name": "default",
      "provider": "provider[\"registry.terraform.io/hashicorp/google\"]",
      "instances": [
        {
          "schema_version": 0,
          "attributes": {
            "base_forwarding_rule": "",
            "description": "",
            "effective_labels": {},
            "id": "projects/cloud-labs-workshop-42clws/global/forwardingRules/website-forwarding-rule-navn-gcp",
            "ip_address": "34.107.201.18",
            "ip_protocol": "TCP",
            "ip_version": "",
            "label_fingerprint": "42WmSpB8rSM=",
            "labels": null,
            "load_balancing_scheme": "EXTERNAL",
            "metadata_filters": [],
            "name": "website-forwarding-rule-navn-gcp",
            "network": "",
            "no_automate_dns_zone": null,
            "port_range": "80-80",
            "project": "cloud-labs-workshop-42clws",
            "psc_connection_id": "",
            "psc_connection_status": "",
            "self_link": "https://www.googleapis.com/compute/v1/projects/cloud-labs-workshop-42clws/global/forwardingRules/website-forwarding-rule-navn-gcp",
            "source_ip_ranges": null,
            "subnetwork": "",
            "target": "https://www.googleapis.com/compute/v1/projects/cloud-labs-workshop-42clws/global/targetHttpProxies/http-proxy-navn-gcp",
            "terraform_labels": {},
            "timeouts": null
          },
          "sensitive_attributes": [],
          "private": "eyJlMmJmYjczMC1lY2FhLTExZTYtOGY4OC0zNDM2M2JjN2M0YzAiOnsiY3JlYXRlIjoxMjAwMDAwMDAwMDAwLCJkZWxldGUiOjEyMDAwMDAwMDAwMDAsInVwZGF0ZSI6MTIwMDAwMDAwMDAwMH19",
          "dependencies": [
            "google_compute_backend_bucket.cdn_backend_bucket",
            "google_compute_global_address.cdn_public_address",
            "google_compute_target_http_proxy.default",
            "google_compute_url_map.cdn_url_map",
            "google_storage_bucket.frontend"
          ]
        }
      ]
    },
    {
      "mode": "managed",
      "type": "google_compute_target_http_proxy",
      "name": "default",
      "provider": "provider[\"registry.terraform.io/hashicorp/google\"]",
      "instances": [
        {
          "schema_version": 0,
          "attributes": {
            "creation_timestamp": "2023-11-20T11:11:45.767-08:00",
            "description": "",
            "http_keep_alive_timeout_sec": 0,
            "id": "projects/cloud-labs-workshop-42clws/global/targetHttpProxies/http-proxy-navn-gcp",
            "name": "http-proxy-navn-gcp",
            "project": "cloud-labs-workshop-42clws",
            "proxy_bind": false,
            "proxy_id": 5183446413215142302,
            "self_link": "https://www.googleapis.com/compute/v1/projects/cloud-labs-workshop-42clws/global/targetHttpProxies/http-proxy-navn-gcp",
            "timeouts": null,
            "url_map": "https://www.googleapis.com/compute/v1/projects/cloud-labs-workshop-42clws/global/urlMaps/cdn-url-map-navn-gcp"
          },
          "sensitive_attributes": [],
          "private": "eyJlMmJmYjczMC1lY2FhLTExZTYtOGY4OC0zNDM2M2JjN2M0YzAiOnsiY3JlYXRlIjoxMjAwMDAwMDAwMDAwLCJkZWxldGUiOjEyMDAwMDAwMDAwMDAsInVwZGF0ZSI6MTIwMDAwMDAwMDAwMH19",
          "dependencies": [
            "google_compute_backend_bucket.cdn_backend_bucket",
            "google_compute_url_map.cdn_url_map",
            "google_storage_bucket.frontend"
          ]
        }
      ]
    },
    {
      "mode": "managed",
      "type": "google_compute_url_map",
      "name": "cdn_url_map",
      "provider": "provider[\"registry.terraform.io/hashicorp/google\"]",
      "instances": [
        {
          "schema_version": 0,
          "attributes": {
            "creation_timestamp": "2023-11-20T11:11:33.414-08:00",
            "default_route_action": [],
            "default_service": "https://www.googleapis.com/compute/v1/projects/cloud-labs-workshop-42clws/global/backendBuckets/cdn-bucket-navn-gcp",
            "default_url_redirect": [],
            "description": "",
            "fingerprint": "0kI3E1cB3EY=",
            "header_action": [],
            "host_rule": [],
            "id": "projects/cloud-labs-workshop-42clws/global/urlMaps/cdn-url-map-navn-gcp",
            "map_id": 6676561896402194826,
            "name": "cdn-url-map-navn-gcp",
            "path_matcher": [],
            "project": "cloud-labs-workshop-42clws",
            "self_link": "https://www.googleapis.com/compute/v1/projects/cloud-labs-workshop-42clws/global/urlMaps/cdn-url-map-navn-gcp",
            "test": [],
            "timeouts": null
          },
          "sensitive_attributes": [],
          "private": "eyJlMmJmYjczMC1lY2FhLTExZTYtOGY4OC0zNDM2M2JjN2M0YzAiOnsiY3JlYXRlIjoxMjAwMDAwMDAwMDAwLCJkZWxldGUiOjEyMDAwMDAwMDAwMDAsInVwZGF0ZSI6MTIwMDAwMDAwMDAwMH19",
          "dependencies": [
            "google_compute_backend_bucket.cdn_backend_bucket",
            "google_storage_bucket.frontend"
          ]
        }
      ]
    },
    {
      "mode": "managed",
      "type": "google_dns_record_set",
      "name": "website",
      "provider": "provider[\"registry.terraform.io/hashicorp/google\"]",
      "instances": [
        {
          "schema_version": 0,
          "attributes": {
            "id": "projects/cloud-labs-workshop-42clws/managedZones/cloudlabs-gcp-no-dns/rrsets/i-navn-gcp.cloudlabs-gcp.no./A",
            "managed_zone": "cloudlabs-gcp-no-dns",
            "name": "i-navn-gcp.cloudlabs-gcp.no.",
            "project": "cloud-labs-workshop-42clws",
            "routing_policy": [],
            "rrdatas": [
              "34.107.201.18"
            ],
            "ttl": 60,
            "type": "A"
          },
          "sensitive_attributes": [],
          "private": "bnVsbA==",
          "dependencies": [
            "data.google_dns_managed_zone.cloudlabs_gcp_no",
            "google_compute_global_address.cdn_public_address"
          ]
        }
      ]
    },
    {
      "mode": "managed",
      "type": "google_sql_database",
      "name": "database",
      "provider": "provider[\"registry.terraform.io/hashicorp/google\"]",
      "instances": [
        {
          "schema_version": 0,
          "attributes": {
            "charset": "UTF8",
            "collation": "en_US.UTF8",
            "deletion_policy": "ABANDON",
            "id": "projects/cloud-labs-workshop-42clws/instances/db-todo--navn-gcp/databases/db-todo--navn-gcp",
            "instance": "db-todo--navn-gcp",
            "name": "db-todo--navn-gcp",
            "project": "cloud-labs-workshop-42clws",
            "self_link": "https://sqladmin.googleapis.com/sql/v1beta4/projects/cloud-labs-workshop-42clws/instances/db-todo--navn-gcp/databases/db-todo--navn-gcp",
            "timeouts": null
          },
          "sensitive_attributes": [],
          "private": "eyJlMmJmYjczMC1lY2FhLTExZTYtOGY4OC0zNDM2M2JjN2M0YzAiOnsiY3JlYXRlIjoxMjAwMDAwMDAwMDAwLCJkZWxldGUiOjEyMDAwMDAwMDAwMDAsInVwZGF0ZSI6MTIwMDAwMDAwMDAwMH19",
          "dependencies": [
            "google_sql_database_instance.postgres"
          ]
        }
      ]
    },
    {
      "mode": "managed",
      "type": "google_sql_database_instance",
      "name": "postgres",
      "provider": "provider[\"registry.terraform.io/hashicorp/google\"]",
      "instances": [
        {
          "schema_version": 0,
          "attributes": {
            "available_maintenance_versions": [],
            "clone": [],
            "connection_name": "cloud-labs-workshop-42clws:europe-west1:db-todo--navn-gcp",
            "database_version": "POSTGRES_14",
            "deletion_protection": false,
            "dns_name": "",
            "encryption_key_name": null,
            "first_ip_address": "34.77.54.232",
            "id": "db-todo--navn-gcp",
            "instance_type": "CLOUD_SQL_INSTANCE",
            "ip_address": [
              {
                "ip_address": "34.77.54.232",
                "time_to_retire": "",
                "type": "PRIMARY"
              },
              {
                "ip_address": "35.195.32.77",
                "time_to_retire": "",
                "type": "OUTGOING"
              }
            ],
            "maintenance_version": "POSTGRES_14_9.R20230830.01_04",
            "master_instance_name": "",
            "name": "db-todo--navn-gcp",
            "private_ip_address": "",
            "project": "cloud-labs-workshop-42clws",
            "psc_service_attachment_link": "",
            "public_ip_address": "34.77.54.232",
            "region": "europe-west1",
            "replica_configuration": [],
            "restore_backup_context": [],
            "root_password": null,
            "self_link": "https://sqladmin.googleapis.com/sql/v1beta4/projects/cloud-labs-workshop-42clws/instances/db-todo--navn-gcp",
            "server_ca_cert": [
              {
                "cert": "-----BEGIN CERTIFICATE-----\nMIIDfzCCAmegAwIBAgIBADANBgkqhkiG9w0BAQsFADB3MS0wKwYDVQQuEyRiM2Iz\nZThhZC0wMmQzLTRkMTYtYTMyOS03YmFkYTZlMGFmYjYxIzAhBgNVBAMTGkdvb2ds\nZSBDbG91ZCBTUUwgU2VydmVyIENBMRQwEgYDVQQKEwtHb29nbGUsIEluYzELMAkG\nA1UEBhMCVVMwHhcNMjMxMTIwMTkxMTIyWhcNMzMxMTE3MTkxMjIyWjB3MS0wKwYD\nVQQuEyRiM2IzZThhZC0wMmQzLTRkMTYtYTMyOS03YmFkYTZlMGFmYjYxIzAhBgNV\nBAMTGkdvb2dsZSBDbG91ZCBTUUwgU2VydmVyIENBMRQwEgYDVQQKEwtHb29nbGUs\nIEluYzELMAkGA1UEBhMCVVMwggEiMA0GCSqGSIb3DQEBAQUAA4IBDwAwggEKAoIB\nAQDibumBivqbjgEcKCei2R9eBuBmDt3hD4ahRuRyETPO6hAvmbwyX96r7HlXelRa\njoIJhJ6i/gImaR2geWWv56OypEJVeUvkZCRYezo1RVI5YPF3ST9kfu3+ojL4/ony\nSXty1ynaSZ/3DVQP5CeuKss9yAzCrVZUYUc8RYh0LyQR+JoBkJLl2o92WSs239n1\nmGKePAUHTDBnB/dtCV+esi4UHdgvjP9MwXy+H4m2U32rCpmul4CBQUk/2pr481oV\noHmmxW1+pudBwudKyFFEq7ycjFbCNwYRoaZHx26y0rCsvPRGcZaKcbzFrOHIC8o/\nvMwuKJQfnuUUz88bhQdqvMlzAgMBAAGjFjAUMBIGA1UdEwEB/wQIMAYBAf8CAQAw\nDQYJKoZIhvcNAQELBQADggEBAG2xjo0yftkLUiA9YqexL/4I4jwXkFUSP5N0VJqN\nKju8u45+nJUZQsSShzZgd9A+3vV8A7zixst82q9rva8HJdRhHjqYRiLKwKDdD33J\nAuqWmW3NlrPylG3k1J70cVBtbesXVgblgDnTBz8Nl1sCZByrJ0KvjpbYuKcSi6mw\nUX8k+aTW05tKzWMJNKMmx/g4DrmKniuigK2pe6yG+m3u7Xq+BVUfk35joaKCHzev\nTL3iVAyo7WiK5m/an78nsYyL6z/Y/elp+xLXVUtXVi2GD3z7BnBkSwJkDjznPTwG\nBRDjQ/hRyKBNwXF7HBY3dbUzx4EIiizWECwypSE1xj/Zoek=\n-----END CERTIFICATE-----",
                "common_name": "C=US,O=Google\\, Inc,CN=Google Cloud SQL Server CA,dnQualifier=b3b3e8ad-02d3-4d16-a329-7bada6e0afb6",
                "create_time": "2023-11-20T19:11:22.584Z",
                "expiration_time": "2033-11-17T19:12:22.584Z",
                "sha1_fingerprint": "e36d3c0d5dda018d42b5ce529e04b8179afd1781"
              }
            ],
            "service_account_email_address": "p544176629213-f41rtm@gcp-sa-cloud-sql.iam.gserviceaccount.com",
            "settings": [
              {
                "activation_policy": "ALWAYS",
                "active_directory_config": [],
                "advanced_machine_features": [],
                "availability_type": "ZONAL",
                "backup_configuration": [
                  {
                    "backup_retention_settings": [
                      {
                        "retained_backups": 7,
                        "retention_unit": "COUNT"
                      }
                    ],
                    "binary_log_enabled": false,
                    "enabled": false,
                    "location": "",
                    "point_in_time_recovery_enabled": false,
                    "start_time": "11:00",
                    "transaction_log_retention_days": 7
                  }
                ],
                "collation": "",
                "connector_enforcement": "NOT_REQUIRED",
                "data_cache_config": [],
                "database_flags": [],
                "deletion_protection_enabled": false,
                "deny_maintenance_period": [],
                "disk_autoresize": true,
                "disk_autoresize_limit": 0,
                "disk_size": 10,
                "disk_type": "PD_SSD",
                "edition": "ENTERPRISE",
                "insights_config": [],
                "ip_configuration": [
                  {
                    "allocated_ip_range": "",
                    "authorized_networks": [
                      {
                        "expiration_time": "",
                        "name": "",
                        "value": "0.0.0.0/0"
                      }
                    ],
                    "enable_private_path_for_google_cloud_services": false,
                    "ipv4_enabled": true,
                    "private_network": "",
                    "psc_config": [],
                    "require_ssl": false
                  }
                ],
                "location_preference": [
                  {
                    "follow_gae_application": "",
                    "secondary_zone": "",
                    "zone": "europe-west1-d"
                  }
                ],
                "maintenance_window": [],
                "password_validation_policy": [],
                "pricing_plan": "PER_USE",
                "sql_server_audit_config": [],
                "tier": "db-f1-micro",
                "time_zone": "",
                "user_labels": {},
                "version": 1
              }
            ],
            "timeouts": null
          },
          "sensitive_attributes": [],
          "private": "eyJlMmJmYjczMC1lY2FhLTExZTYtOGY4OC0zNDM2M2JjN2M0YzAiOnsiY3JlYXRlIjoyNDAwMDAwMDAwMDAwLCJkZWxldGUiOjE4MDAwMDAwMDAwMDAsInVwZGF0ZSI6MTgwMDAwMDAwMDAwMH19"
        }
      ]
    },
    {
      "mode": "managed",
      "type": "google_sql_user",
      "name": "root",
      "provider": "provider[\"registry.terraform.io/hashicorp/google\"]",
      "instances": [
        {
          "schema_version": 1,
          "attributes": {
            "deletion_policy": "ABANDON",
            "host": "",
            "id": "root//db-todo--navn-gcp",
            "instance": "db-todo--navn-gcp",
            "name": "root",
            "password": "af8a39ZW0cC3xoTrIq4ihqaC",
            "password_policy": [],
            "project": "cloud-labs-workshop-42clws",
            "sql_server_user_details": [],
            "timeouts": null,
            "type": ""
          },
          "sensitive_attributes": [
            [
              {
                "type": "get_attr",
                "value": "password"
              }
            ]
          ],
          "private": "eyJlMmJmYjczMC1lY2FhLTExZTYtOGY4OC0zNDM2M2JjN2M0YzAiOnsiY3JlYXRlIjo2MDAwMDAwMDAwMDAsImRlbGV0ZSI6NjAwMDAwMDAwMDAwLCJ1cGRhdGUiOjYwMDAwMDAwMDAwMH0sInNjaGVtYV92ZXJzaW9uIjoiMSJ9",
          "dependencies": [
            "google_sql_database_instance.postgres",
            "random_password.root_password"
          ]
        }
      ]
    },
    {
      "mode": "managed",
      "type": "google_storage_bucket",
      "name": "frontend",
      "provider": "provider[\"registry.terraform.io/hashicorp/google\"]",
      "instances": [
        {
          "schema_version": 1,
          "attributes": {
            "autoclass": [],
            "cors": [],
            "custom_placement_config": [],
            "default_event_based_hold": false,
            "effective_labels": {},
            "enable_object_retention": false,
            "encryption": [],
            "force_destroy": true,
            "id": "storage-bucket-navn-gcp",
            "labels": null,
            "lifecycle_rule": [],
            "location": "EU",
            "logging": [],
            "name": "storage-bucket-navn-gcp",
            "project": "cloud-labs-workshop-42clws",
            "public_access_prevention": "inherited",
            "requester_pays": false,
            "retention_policy": [],
            "self_link": "https://www.googleapis.com/storage/v1/b/storage-bucket-navn-gcp",
            "storage_class": "STANDARD",
            "terraform_labels": {},
            "timeouts": null,
            "uniform_bucket_level_access": false,
            "url": "gs://storage-bucket-navn-gcp",
            "versioning": [],
            "website": [
              {
                "main_page_suffix": "index.html",
                "not_found_page": ""
              }
            ]
          },
          "sensitive_attributes": [],
          "private": "eyJlMmJmYjczMC1lY2FhLTExZTYtOGY4OC0zNDM2M2JjN2M0YzAiOnsiY3JlYXRlIjo2MDAwMDAwMDAwMDAsInJlYWQiOjI0MDAwMDAwMDAwMCwidXBkYXRlIjoyNDAwMDAwMDAwMDB9LCJzY2hlbWFfdmVyc2lvbiI6IjEifQ=="
        }
      ]
    },
    {
      "mode": "managed",
      "type": "google_storage_bucket_iam_member",
      "name": "member",
      "provider": "provider[\"registry.terraform.io/hashicorp/google\"]",
      "instances": [
        {
          "schema_version": 0,
          "attributes": {
            "bucket": "b/storage-bucket-navn-gcp",
            "condition": [],
            "etag": "CAI=",
            "id": "b/storage-bucket-navn-gcp/roles/storage.objectViewer/allUsers",
            "member": "allUsers",
            "role": "roles/storage.objectViewer"
          },
          "sensitive_attributes": [],
          "private": "bnVsbA==",
          "dependencies": [
            "google_storage_bucket.frontend"
          ]
        }
      ]
    },
    {
      "mode": "managed",
      "type": "google_storage_bucket_object",
      "name": "frontend",
      "provider": "provider[\"registry.terraform.io/hashicorp/google\"]",
      "instances": [
        {
          "index_key": "index.4a8bd8b4.js",
          "schema_version": 0,
          "attributes": {
            "bucket": "storage-bucket-navn-gcp",
            "cache_control": "",
            "content": null,
            "content_disposition": "",
            "content_encoding": "",
            "content_language": "",
            "content_type": "application/javascript",
            "crc32c": "XxpR0w==",
            "customer_encryption": [],
            "detect_md5hash": "O8zx8igs2SEMVTQoQaBuWw==",
            "event_based_hold": false,
            "id": "storage-bucket-navn-gcp-index.4a8bd8b4.js",
            "kms_key_name": "",
            "md5hash": "O8zx8igs2SEMVTQoQaBuWw==",
            "media_link": "https://storage.googleapis.com/download/storage/v1/b/storage-bucket-navn-gcp/o/index.4a8bd8b4.js?generation=1700507481961688\u0026alt=media",
            "metadata": null,
            "name": "index.4a8bd8b4.js",
            "output_name": "index.4a8bd8b4.js",
            "retention": [],
            "self_link": "https://www.googleapis.com/storage/v1/b/storage-bucket-navn-gcp/o/index.4a8bd8b4.js",
            "source": "./../frontend_dist/index.4a8bd8b4.js",
            "storage_class": "STANDARD",
            "temporary_hold": false,
            "timeouts": null
          },
          "sensitive_attributes": [],
          "private": "eyJlMmJmYjczMC1lY2FhLTExZTYtOGY4OC0zNDM2M2JjN2M0YzAiOnsiY3JlYXRlIjoyNDAwMDAwMDAwMDAsImRlbGV0ZSI6MjQwMDAwMDAwMDAwLCJ1cGRhdGUiOjI0MDAwMDAwMDAwMH19",
          "dependencies": [
            "google_storage_bucket.frontend"
          ]
        },
        {
          "index_key": "index.f0d0525b.js",
          "schema_version": 0,
          "attributes": {
            "bucket": "storage-bucket-navn-gcp",
            "cache_control": "",
            "content": null,
            "content_disposition": "",
            "content_encoding": "",
            "content_language": "",
            "content_type": "application/javascript",
            "crc32c": "w74jSA==",
            "customer_encryption": [],
            "detect_md5hash": "kZYsFQ+C6vR815ctBhGrMw==",
            "event_based_hold": false,
            "id": "storage-bucket-navn-gcp-index.f0d0525b.js",
            "kms_key_name": "",
            "md5hash": "kZYsFQ+C6vR815ctBhGrMw==",
            "media_link": "https://storage.googleapis.com/download/storage/v1/b/storage-bucket-navn-gcp/o/index.f0d0525b.js?generation=1700507482070857\u0026alt=media",
            "metadata": null,
            "name": "index.f0d0525b.js",
            "output_name": "index.f0d0525b.js",
            "retention": [],
            "self_link": "https://www.googleapis.com/storage/v1/b/storage-bucket-navn-gcp/o/index.f0d0525b.js",
            "source": "./../frontend_dist/index.f0d0525b.js",
            "storage_class": "STANDARD",
            "temporary_hold": false,
            "timeouts": null
          },
          "sensitive_attributes": [],
          "private": "eyJlMmJmYjczMC1lY2FhLTExZTYtOGY4OC0zNDM2M2JjN2M0YzAiOnsiY3JlYXRlIjoyNDAwMDAwMDAwMDAsImRlbGV0ZSI6MjQwMDAwMDAwMDAwLCJ1cGRhdGUiOjI0MDAwMDAwMDAwMH19",
          "dependencies": [
            "google_storage_bucket.frontend"
          ]
        },
        {
          "index_key": "index.html",
          "schema_version": 0,
          "attributes": {
            "bucket": "storage-bucket-navn-gcp",
            "cache_control": "",
            "content": null,
            "content_disposition": "",
            "content_encoding": "",
            "content_language": "",
            "content_type": "text/html",
            "crc32c": "4i5Zrw==",
            "customer_encryption": [],
            "detect_md5hash": "O3jFOPstBeij6LRbisixiA==",
            "event_based_hold": false,
            "id": "storage-bucket-navn-gcp-index.html",
            "kms_key_name": "",
            "md5hash": "O3jFOPstBeij6LRbisixiA==",
            "media_link": "https://storage.googleapis.com/download/storage/v1/b/storage-bucket-navn-gcp/o/index.html?generation=1700507481870696\u0026alt=media",
            "metadata": null,
            "name": "index.html",
            "output_name": "index.html",
            "retention": [],
            "self_link": "https://www.googleapis.com/storage/v1/b/storage-bucket-navn-gcp/o/index.html",
            "source": "./../frontend_dist/index.html",
            "storage_class": "STANDARD",
            "temporary_hold": false,
            "timeouts": null
          },
          "sensitive_attributes": [],
          "private": "eyJlMmJmYjczMC1lY2FhLTExZTYtOGY4OC0zNDM2M2JjN2M0YzAiOnsiY3JlYXRlIjoyNDAwMDAwMDAwMDAsImRlbGV0ZSI6MjQwMDAwMDAwMDAwLCJ1cGRhdGUiOjI0MDAwMDAwMDAwMH19",
          "dependencies": [
            "google_storage_bucket.frontend"
          ]
        }
      ]
    },
    {
      "mode": "managed",
      "type": "random_password",
      "name": "root_password",
      "provider": "provider[\"registry.terraform.io/hashicorp/random\"]",
      "instances": [
        {
          "schema_version": 3,
          "attributes": {
            "bcrypt_hash": "$2a$10$5I46BOagVquPvOWivYKks.MLUNAQalvUgfrvKBlkmrCt.v.Pgzb.K",
            "id": "none",
            "keepers": null,
            "length": 24,
            "lower": true,
            "min_lower": 0,
            "min_numeric": 0,
            "min_special": 0,
            "min_upper": 0,
            "number": true,
            "numeric": true,
            "override_special": null,
            "result": "af8a39ZW0cC3xoTrIq4ihqaC",
            "special": false,
            "upper": true
          },
          "sensitive_attributes": []
        }
      ]
    }
  ],
  "check_results": null
}
