{
  "version": 4,
  "terraform_version": "1.5.7",
  "serial": 141,
  "lineage": "414e315e-f194-0ebf-d60c-0150337f6f68",
  "outputs": {
    "backend_url": {
      "value": "https://cloudrun-service--navn-gcp-45pnzdzssa-ew.a.run.app",
      "type": "string"
    }
  },
  "resources": [
    {
      "mode": "data",
      "type": "google_iam_policy",
      "name": "noauth",
      "provider": "provider[\"registry.terraform.io/hashicorp/google\"]",
      "instances": [
        {
          "schema_version": 0,
          "attributes": {
            "audit_config": null,
            "binding": [
              {
                "condition": [],
                "members": [
                  "allUsers"
                ],
                "role": "roles/run.invoker"
              }
            ],
            "id": "3450855414",
            "policy_data": "{\"bindings\":[{\"members\":[\"allUsers\"],\"role\":\"roles/run.invoker\"}]}"
          },
          "sensitive_attributes": []
        }
      ]
    },
    {
      "mode": "managed",
      "type": "google_cloud_run_service_iam_policy",
      "name": "noauth",
      "provider": "provider[\"registry.terraform.io/hashicorp/google\"]",
      "instances": [
        {
          "schema_version": 0,
          "attributes": {
            "etag": "BwYKf1lnFnQ=",
            "id": "v1/projects/cloud-labs-workshop-42clws/locations/europe-west1/services/cloudrun-service--navn-gcp",
            "location": "europe-west1",
            "policy_data": "{\"bindings\":[{\"members\":[\"allUsers\"],\"role\":\"roles/run.invoker\"}]}",
            "project": "cloud-labs-workshop-42clws",
            "service": "v1/projects/cloud-labs-workshop-42clws/locations/europe-west1/services/cloudrun-service--navn-gcp"
          },
          "sensitive_attributes": [],
          "private": "bnVsbA==",
          "dependencies": [
            "data.google_iam_policy.noauth",
            "google_cloud_run_v2_service.backend",
            "google_sql_database_instance.postgres",
            "google_sql_user.root",
            "random_password.root_password"
          ]
        }
      ]
    },
    {
      "mode": "managed",
      "type": "google_cloud_run_v2_service",
      "name": "backend",
      "provider": "provider[\"registry.terraform.io/hashicorp/google\"]",
      "instances": [
        {
          "schema_version": 0,
          "attributes": {
            "annotations": {},
            "binary_authorization": [],
            "client": "",
            "client_version": "",
            "conditions": [
              {
                "execution_reason": "",
                "last_transition_time": "2023-11-19T11:15:40.028206Z",
                "message": "",
                "reason": "",
                "revision_reason": "",
                "severity": "",
                "state": "CONDITION_SUCCEEDED",
                "type": "RoutesReady"
              },
              {
                "execution_reason": "",
                "last_transition_time": "2023-11-19T11:15:20.356112Z",
                "message": "",
                "reason": "",
                "revision_reason": "",
                "severity": "",
                "state": "CONDITION_SUCCEEDED",
                "type": "ConfigurationsReady"
              }
            ],
            "create_time": "2023-11-19T11:05:15.198733Z",
            "creator": "sigmund.berbom@bekk.no",
            "delete_time": "",
            "description": "",
            "effective_annotations": {},
            "effective_labels": {},
            "etag": "\"CMfc56oGEID1_5kB/cHJvamVjdHMvY2xvdWQtbGFicy13b3Jrc2hvcC00MmNsd3MvbG9jYXRpb25zL2V1cm9wZS13ZXN0MS9zZXJ2aWNlcy9jbG91ZHJ1bi1zZXJ2aWNlLS1uYXZuLWdjcA\"",
            "expire_time": "",
            "generation": "2",
            "id": "projects/cloud-labs-workshop-42clws/locations/europe-west1/services/cloudrun-service--navn-gcp",
            "ingress": "INGRESS_TRAFFIC_ALL",
            "labels": {},
            "last_modifier": "sigmund.berbom@bekk.no",
            "latest_created_revision": "projects/cloud-labs-workshop-42clws/locations/europe-west1/services/cloudrun-service--navn-gcp/revisions/cloudrun-service--navn-gcp-00002-sp9",
            "latest_ready_revision": "projects/cloud-labs-workshop-42clws/locations/europe-west1/services/cloudrun-service--navn-gcp/revisions/cloudrun-service--navn-gcp-00002-sp9",
            "launch_stage": "GA",
            "location": "europe-west1",
            "name": "cloudrun-service--navn-gcp",
            "observed_generation": "2",
            "project": "cloud-labs-workshop-42clws",
            "reconciling": false,
            "template": [
              {
                "annotations": {},
                "containers": [
                  {
                    "args": [],
                    "command": [],
                    "env": [
                      {
                        "name": "DATABASE_URL",
                        "value": "postgresql://root:8qMm6QcgKJmUuRaeWiVItLFN@34.77.83.198:5432/db-todo--navn-gcp",
                        "value_source": []
                      }
                    ],
                    "image": "europe-west1-docker.pkg.dev/cloud-labs-workshop-42clws/bekk-cloudlabs/backend:latest",
                    "liveness_probe": [],
                    "name": "",
                    "ports": [
                      {
                        "container_port": 3000,
                        "name": "http1"
                      }
                    ],
                    "resources": [
                      {
                        "cpu_idle": true,
                        "limits": {
                          "cpu": "1000m",
                          "memory": "512Mi"
                        },
                        "startup_cpu_boost": false
                      }
                    ],
                    "startup_probe": [
                      {
                        "failure_threshold": 1,
                        "grpc": [],
                        "http_get": [],
                        "initial_delay_seconds": 0,
                        "period_seconds": 240,
                        "tcp_socket": [
                          {
                            "port": 3000
                          }
                        ],
                        "timeout_seconds": 240
                      }
                    ],
                    "volume_mounts": [],
                    "working_dir": ""
                  }
                ],
                "encryption_key": "",
                "execution_environment": "",
                "labels": {},
                "max_instance_request_concurrency": 80,
                "revision": "",
                "scaling": [
                  {
                    "max_instance_count": 1,
                    "min_instance_count": 0
                  }
                ],
                "service_account": "544176629213-compute@developer.gserviceaccount.com",
                "session_affinity": false,
                "timeout": "300s",
                "volumes": [],
                "vpc_access": []
              }
            ],
            "terminal_condition": [
              {
                "execution_reason": "",
                "last_transition_time": "2023-11-19T11:15:39.959699Z",
                "message": "",
                "reason": "",
                "revision_reason": "",
                "severity": "",
                "state": "CONDITION_SUCCEEDED",
                "type": "Ready"
              }
            ],
            "terraform_labels": {},
            "timeouts": null,
            "traffic": [
              {
                "percent": 100,
                "revision": "",
                "tag": "",
                "type": "TRAFFIC_TARGET_ALLOCATION_TYPE_LATEST"
              }
            ],
            "traffic_statuses": [
              {
                "percent": 100,
                "revision": "",
                "tag": "",
                "type": "TRAFFIC_TARGET_ALLOCATION_TYPE_LATEST",
                "uri": ""
              }
            ],
            "uid": "e59c0077-e57c-4b56-b822-040be9add553",
            "update_time": "2023-11-19T11:15:19.322960Z",
            "uri": "https://cloudrun-service--navn-gcp-45pnzdzssa-ew.a.run.app"
          },
          "sensitive_attributes": [
            [
              {
                "type": "get_attr",
                "value": "template"
              },
              {
                "type": "index",
                "value": {
                  "value": 0,
                  "type": "number"
                }
              },
              {
                "type": "get_attr",
                "value": "containers"
              },
              {
                "type": "index",
                "value": {
                  "value": 0,
                  "type": "number"
                }
              },
              {
                "type": "get_attr",
                "value": "env"
              },
              {
                "type": "index",
                "value": {
                  "value": 0,
                  "type": "number"
                }
              },
              {
                "type": "get_attr",
                "value": "value"
              }
            ]
          ],
          "private": "eyJlMmJmYjczMC1lY2FhLTExZTYtOGY4OC0zNDM2M2JjN2M0YzAiOnsiY3JlYXRlIjoxMjAwMDAwMDAwMDAwLCJkZWxldGUiOjEyMDAwMDAwMDAwMDAsInVwZGF0ZSI6MTIwMDAwMDAwMDAwMH19",
          "dependencies": [
            "google_sql_database_instance.postgres",
            "google_sql_user.root",
            "random_password.root_password"
          ]
        }
      ]
    },
    {
      "mode": "managed",
      "type": "google_sql_database",
      "name": "database",
      "provider": "provider[\"registry.terraform.io/hashicorp/google\"]",
      "instances": [
        {
          "schema_version": 0,
          "attributes": {
            "charset": "UTF8",
            "collation": "en_US.UTF8",
            "deletion_policy": "ABANDON",
            "id": "projects/cloud-labs-workshop-42clws/instances/db-todo--navn-gcp/databases/db-todo--navn-gcp",
            "instance": "db-todo--navn-gcp",
            "name": "db-todo--navn-gcp",
            "project": "cloud-labs-workshop-42clws",
            "self_link": "https://sqladmin.googleapis.com/sql/v1beta4/projects/cloud-labs-workshop-42clws/instances/db-todo--navn-gcp/databases/db-todo--navn-gcp",
            "timeouts": null
          },
          "sensitive_attributes": [],
          "private": "eyJlMmJmYjczMC1lY2FhLTExZTYtOGY4OC0zNDM2M2JjN2M0YzAiOnsiY3JlYXRlIjoxMjAwMDAwMDAwMDAwLCJkZWxldGUiOjEyMDAwMDAwMDAwMDAsInVwZGF0ZSI6MTIwMDAwMDAwMDAwMH19",
          "dependencies": [
            "google_sql_database_instance.postgres"
          ]
        }
      ]
    },
    {
      "mode": "managed",
      "type": "google_sql_database_instance",
      "name": "postgres",
      "provider": "provider[\"registry.terraform.io/hashicorp/google\"]",
      "instances": [
        {
          "schema_version": 0,
          "attributes": {
            "available_maintenance_versions": [],
            "clone": [],
            "connection_name": "cloud-labs-workshop-42clws:europe-west1:db-todo--navn-gcp",
            "database_version": "POSTGRES_14",
            "deletion_protection": false,
            "dns_name": "",
            "encryption_key_name": null,
            "first_ip_address": "34.77.83.198",
            "id": "db-todo--navn-gcp",
            "instance_type": "CLOUD_SQL_INSTANCE",
            "ip_address": [
              {
                "ip_address": "34.77.83.198",
                "time_to_retire": "",
                "type": "PRIMARY"
              },
              {
                "ip_address": "104.199.101.157",
                "time_to_retire": "",
                "type": "OUTGOING"
              }
            ],
            "maintenance_version": "POSTGRES_14_9.R20230830.01_04",
            "master_instance_name": "",
            "name": "db-todo--navn-gcp",
            "private_ip_address": "",
            "project": "cloud-labs-workshop-42clws",
            "psc_service_attachment_link": "",
            "public_ip_address": "34.77.83.198",
            "region": "europe-west1",
            "replica_configuration": [],
            "restore_backup_context": [],
            "root_password": null,
            "self_link": "https://sqladmin.googleapis.com/sql/v1beta4/projects/cloud-labs-workshop-42clws/instances/db-todo--navn-gcp",
            "server_ca_cert": [
              {
                "cert": "-----BEGIN CERTIFICATE-----\nMIIDfzCCAmegAwIBAgIBADANBgkqhkiG9w0BAQsFADB3MS0wKwYDVQQuEyQ3YTBi\nZjA5MC1lMzc3LTRlOTItYTYzNC1hZTNiYzQ0Y2UxODUxIzAhBgNVBAMTGkdvb2ds\nZSBDbG91ZCBTUUwgU2VydmVyIENBMRQwEgYDVQQKEwtHb29nbGUsIEluYzELMAkG\nA1UEBhMCVVMwHhcNMjMxMTE5MTEwNjI3WhcNMzMxMTE2MTEwNzI3WjB3MS0wKwYD\nVQQuEyQ3YTBiZjA5MC1lMzc3LTRlOTItYTYzNC1hZTNiYzQ0Y2UxODUxIzAhBgNV\nBAMTGkdvb2dsZSBDbG91ZCBTUUwgU2VydmVyIENBMRQwEgYDVQQKEwtHb29nbGUs\nIEluYzELMAkGA1UEBhMCVVMwggEiMA0GCSqGSIb3DQEBAQUAA4IBDwAwggEKAoIB\nAQDjMQerLzoJDjcs/dfvK3+i1lWUkG3ZL/jyaqTJ/xLKMOeagYe60D2jgm8oV03L\nfuYBfG9Ylnzoj0L9w3WLRtcc+ivDcBvcPxl8as2iPGT1EekPwYwk+XpwiWNmsFpy\nfLtXBV+pxd8rUVhtBOaqR8TNn3ZohsVggFmR6V1yLx8EbVL2sXs+WhUokV9hrzp2\nFoXBNh2xsl/ewfiErQl2B5F8Z5GCi1iwMvzQm3RKq0NCjZ0BBG1A11jv/bUedv3S\n/RCA32UwyGtsXxUTwrVa+5Jk97xFvpFcK13zoXYE+8YKqKV0g87FnqBGGnoWGS/a\nbNEFO/i9bjIIqTmeOLVl4kT3AgMBAAGjFjAUMBIGA1UdEwEB/wQIMAYBAf8CAQAw\nDQYJKoZIhvcNAQELBQADggEBAAA5JwWJzq53/9eyT7BHVGzFZ4jHcKb98TjSODIS\n9UCp08Gbr+3VGvesFWDBLin5LCOzSxibz61SxrFfZ1oo6FV8vO2+W1oPbHHNpF/n\n/rdaMmkCKeS6IgvyoVNGR0IuQ/m7w1X7BrZmW7Emsw3WxCK86LMuUFnkiLioE+KH\ngjenqtzoxzItpmzQHCgZtbiEtrgN5tNRmszQCL9j80V2y5ny7dKMGKJxXjWt3UkJ\n/Y3V6Ot0m5+lYtYzY+IHK306X4nW1qCaJTcwN/NYEdh8/zn9bMg7MUoyYEeXoDoM\nHTwiLfLZ1UF0+EvxiHmrr8lAAzPFaqbh+1M907MSP6jQieI=\n-----END CERTIFICATE-----",
                "common_name": "C=US,O=Google\\, Inc,CN=Google Cloud SQL Server CA,dnQualifier=7a0bf090-e377-4e92-a634-ae3bc44ce185",
                "create_time": "2023-11-19T11:06:27.246Z",
                "expiration_time": "2033-11-16T11:07:27.246Z",
                "sha1_fingerprint": "786cbd4b0952ce40346404cfc4dd9abd9b5018c9"
              }
            ],
            "service_account_email_address": "p544176629213-s97xmx@gcp-sa-cloud-sql.iam.gserviceaccount.com",
            "settings": [
              {
                "activation_policy": "ALWAYS",
                "active_directory_config": [],
                "advanced_machine_features": [],
                "availability_type": "ZONAL",
                "backup_configuration": [
                  {
                    "backup_retention_settings": [
                      {
                        "retained_backups": 7,
                        "retention_unit": "COUNT"
                      }
                    ],
                    "binary_log_enabled": false,
                    "enabled": false,
                    "location": "",
                    "point_in_time_recovery_enabled": false,
                    "start_time": "04:00",
                    "transaction_log_retention_days": 7
                  }
                ],
                "collation": "",
                "connector_enforcement": "NOT_REQUIRED",
                "data_cache_config": [],
                "database_flags": [],
                "deletion_protection_enabled": false,
                "deny_maintenance_period": [],
                "disk_autoresize": true,
                "disk_autoresize_limit": 0,
                "disk_size": 10,
                "disk_type": "PD_SSD",
                "edition": "ENTERPRISE",
                "insights_config": [],
                "ip_configuration": [
                  {
                    "allocated_ip_range": "",
                    "authorized_networks": [
                      {
                        "expiration_time": "",
                        "name": "",
                        "value": "0.0.0.0/0"
                      }
                    ],
                    "enable_private_path_for_google_cloud_services": false,
                    "ipv4_enabled": true,
                    "private_network": "",
                    "psc_config": [],
                    "require_ssl": false
                  }
                ],
                "location_preference": [
                  {
                    "follow_gae_application": "",
                    "secondary_zone": "",
                    "zone": "europe-west1-b"
                  }
                ],
                "maintenance_window": [],
                "password_validation_policy": [],
                "pricing_plan": "PER_USE",
                "sql_server_audit_config": [],
                "tier": "db-f1-micro",
                "time_zone": "",
                "user_labels": {},
                "version": 1
              }
            ],
            "timeouts": null
          },
          "sensitive_attributes": [],
          "private": "eyJlMmJmYjczMC1lY2FhLTExZTYtOGY4OC0zNDM2M2JjN2M0YzAiOnsiY3JlYXRlIjoyNDAwMDAwMDAwMDAwLCJkZWxldGUiOjE4MDAwMDAwMDAwMDAsInVwZGF0ZSI6MTgwMDAwMDAwMDAwMH19"
        }
      ]
    },
    {
      "mode": "managed",
      "type": "google_sql_user",
      "name": "root",
      "provider": "provider[\"registry.terraform.io/hashicorp/google\"]",
      "instances": [
        {
          "schema_version": 1,
          "attributes": {
            "deletion_policy": "ABANDON",
            "host": "",
            "id": "root//db-todo--navn-gcp",
            "instance": "db-todo--navn-gcp",
            "name": "root",
            "password": "8qMm6QcgKJmUuRaeWiVItLFN",
            "password_policy": [],
            "project": "cloud-labs-workshop-42clws",
            "sql_server_user_details": [],
            "timeouts": null,
            "type": ""
          },
          "sensitive_attributes": [
            [
              {
                "type": "get_attr",
                "value": "password"
              }
            ]
          ],
          "private": "eyJlMmJmYjczMC1lY2FhLTExZTYtOGY4OC0zNDM2M2JjN2M0YzAiOnsiY3JlYXRlIjo2MDAwMDAwMDAwMDAsImRlbGV0ZSI6NjAwMDAwMDAwMDAwLCJ1cGRhdGUiOjYwMDAwMDAwMDAwMH0sInNjaGVtYV92ZXJzaW9uIjoiMSJ9",
          "dependencies": [
            "google_sql_database_instance.postgres",
            "random_password.root_password"
          ]
        }
      ]
    },
    {
      "mode": "managed",
      "type": "random_password",
      "name": "root_password",
      "provider": "provider[\"registry.terraform.io/hashicorp/random\"]",
      "instances": [
        {
          "schema_version": 3,
          "attributes": {
            "bcrypt_hash": "$2a$10$yY2MnfFkb6kFhfAuCygabO1QJyJ4f7J5YDoMoH8.mPr9sbuEiABNq",
            "id": "none",
            "keepers": null,
            "length": 24,
            "lower": true,
            "min_lower": 0,
            "min_numeric": 0,
            "min_special": 0,
            "min_upper": 0,
            "number": true,
            "numeric": true,
            "override_special": null,
            "result": "8qMm6QcgKJmUuRaeWiVItLFN",
            "special": false,
            "upper": true
          },
          "sensitive_attributes": []
        }
      ]
    }
  ],
  "check_results": null
}
